lockfileVersion: '9.0'

settings:
  autoInstallPeers: true
  excludeLinksFromLockfile: false

importers:

  .:
    dependencies:
      '@radix-ui/react-label':
        specifier: ^2.1.2
        version: 2.1.2(@types/react-dom@19.0.3(@types/react@19.0.8))(@types/react@19.0.8)(react-dom@19.0.0(react@19.0.0))(react@19.0.0)
      '@radix-ui/react-scroll-area':
        specifier: ^1.2.3
        version: 1.2.3(@types/react-dom@19.0.3(@types/react@19.0.8))(@types/react@19.0.8)(react-dom@19.0.0(react@19.0.0))(react@19.0.0)
      '@stitches/react':
        specifier: ^1.2.8
        version: 1.2.8(react@19.0.0)
      react:
        specifier: ^19.0.0
        version: 19.0.0
      react-cool-onclickoutside:
        specifier: ^1.7.0
        version: 1.7.0(react@19.0.0)
      react-dom:
        specifier: ^19.0.0
        version: 19.0.0(react@19.0.0)
      use-places-autocomplete:
        specifier: ^4.0.1
        version: 4.0.1(react@19.0.0)
      uuid:
        specifier: ^11.0.5
        version: 11.0.5
    devDependencies:
      '@biomejs/biome':
        specifier: ^1.9.4
        version: 1.9.4
      '@rsbuild/core':
        specifier: ^1.2.3
        version: 1.2.4
      '@rsbuild/plugin-react':
        specifier: ^1.1.0
        version: 1.1.0(@rsbuild/core@1.2.4)
      '@types/react':
        specifier: ^19.0.8
        version: 19.0.8
      '@types/react-dom':
        specifier: ^19.0.3
        version: 19.0.3(@types/react@19.0.8)
      typescript:
        specifier: ^5.7.3
        version: 5.7.3

packages:

  '@biomejs/biome@1.9.4':
    resolution: {integrity: sha512-1rkd7G70+o9KkTn5KLmDYXihGoTaIGO9PIIN2ZB7UJxFrWw04CZHPYiMRjYsaDvVV7hP1dYNRLxSANLaBFGpog==}
    engines: {node: '>=14.21.3'}
    hasBin: true

  '@biomejs/cli-darwin-arm64@1.9.4':
    resolution: {integrity: sha512-bFBsPWrNvkdKrNCYeAp+xo2HecOGPAy9WyNyB/jKnnedgzl4W4Hb9ZMzYNbf8dMCGmUdSavlYHiR01QaYR58cw==}
    engines: {node: '>=14.21.3'}
    cpu: [arm64]
    os: [darwin]

  '@biomejs/cli-darwin-x64@1.9.4':
    resolution: {integrity: sha512-ngYBh/+bEedqkSevPVhLP4QfVPCpb+4BBe2p7Xs32dBgs7rh9nY2AIYUL6BgLw1JVXV8GlpKmb/hNiuIxfPfZg==}
    engines: {node: '>=14.21.3'}
    cpu: [x64]
    os: [darwin]

  '@biomejs/cli-linux-arm64-musl@1.9.4':
    resolution: {integrity: sha512-v665Ct9WCRjGa8+kTr0CzApU0+XXtRgwmzIf1SeKSGAv+2scAlW6JR5PMFo6FzqqZ64Po79cKODKf3/AAmECqA==}
    engines: {node: '>=14.21.3'}
    cpu: [arm64]
    os: [linux]

  '@biomejs/cli-linux-arm64@1.9.4':
    resolution: {integrity: sha512-fJIW0+LYujdjUgJJuwesP4EjIBl/N/TcOX3IvIHJQNsAqvV2CHIogsmA94BPG6jZATS4Hi+xv4SkBBQSt1N4/g==}
    engines: {node: '>=14.21.3'}
    cpu: [arm64]
    os: [linux]

  '@biomejs/cli-linux-x64-musl@1.9.4':
    resolution: {integrity: sha512-gEhi/jSBhZ2m6wjV530Yy8+fNqG8PAinM3oV7CyO+6c3CEh16Eizm21uHVsyVBEB6RIM8JHIl6AGYCv6Q6Q9Tg==}
    engines: {node: '>=14.21.3'}
    cpu: [x64]
    os: [linux]

  '@biomejs/cli-linux-x64@1.9.4':
    resolution: {integrity: sha512-lRCJv/Vi3Vlwmbd6K+oQ0KhLHMAysN8lXoCI7XeHlxaajk06u7G+UsFSO01NAs5iYuWKmVZjmiOzJ0OJmGsMwg==}
    engines: {node: '>=14.21.3'}
    cpu: [x64]
    os: [linux]

  '@biomejs/cli-win32-arm64@1.9.4':
    resolution: {integrity: sha512-tlbhLk+WXZmgwoIKwHIHEBZUwxml7bRJgk0X2sPyNR3S93cdRq6XulAZRQJ17FYGGzWne0fgrXBKpl7l4M87Hg==}
    engines: {node: '>=14.21.3'}
    cpu: [arm64]
    os: [win32]

  '@biomejs/cli-win32-x64@1.9.4':
    resolution: {integrity: sha512-8Y5wMhVIPaWe6jw2H+KlEm4wP/f7EW3810ZLmDlrEEy5KvBsb9ECEfu/kMWD484ijfQ8+nIi0giMgu9g1UAuuA==}
    engines: {node: '>=14.21.3'}
    cpu: [x64]
    os: [win32]

  '@module-federation/error-codes@0.8.4':
    resolution: {integrity: sha512-55LYmrDdKb4jt+qr8qE8U3al62ZANp3FhfVaNPOaAmdTh0jHdD8M3yf5HKFlr5xVkVO4eV/F/J2NCfpbh+pEXQ==}

  '@module-federation/runtime-tools@0.8.4':
    resolution: {integrity: sha512-fjVOsItJ1u5YY6E9FnS56UDwZgqEQUrWFnouRiPtK123LUuqUI9FH4redZoKWlE1PB0ir1Z3tnqy8eFYzPO38Q==}

  '@module-federation/runtime@0.8.4':
    resolution: {integrity: sha512-yZeZ7z2Rx4gv/0E97oLTF3V6N25vglmwXGgoeju/W2YjsFvWzVtCDI7zRRb0mJhU6+jmSM8jP1DeQGbea/AiZQ==}

  '@module-federation/sdk@0.8.4':
    resolution: {integrity: sha512-waABomIjg/5m1rPDBWYG4KUhS5r7OUUY7S+avpaVIY/tkPWB3ibRDKy2dNLLAMaLKq0u+B1qIdEp4NIWkqhqpg==}

  '@module-federation/webpack-bundler-runtime@0.8.4':
    resolution: {integrity: sha512-HggROJhvHPUX7uqBD/XlajGygMNM1DG0+4OAkk8MBQe4a18QzrRNzZt6XQbRTSG4OaEoyRWhQHvYD3Yps405tQ==}

  '@radix-ui/number@1.1.0':
    resolution: {integrity: sha512-V3gRzhVNU1ldS5XhAPTom1fOIo4ccrjjJgmE+LI2h/WaFpHmx0MQApT+KZHnx8abG6Avtfcz4WoEciMnpFT3HQ==}

  '@radix-ui/primitive@1.1.1':
    resolution: {integrity: sha512-SJ31y+Q/zAyShtXJc8x83i9TYdbAfHZ++tUZnvjJJqFjzsdUnKsxPL6IEtBlxKkU7yzer//GQtZSV4GbldL3YA==}

  '@radix-ui/react-compose-refs@1.1.1':
    resolution: {integrity: sha512-Y9VzoRDSJtgFMUCoiZBDVo084VQ5hfpXxVE+NgkdNsjiDBByiImMZKKhxMwCbdHvhlENG6a833CbFkOQvTricw==}
    peerDependencies:
      '@types/react': '*'
      react: ^16.8 || ^17.0 || ^18.0 || ^19.0 || ^19.0.0-rc
    peerDependenciesMeta:
      '@types/react':
        optional: true

  '@radix-ui/react-context@1.1.1':
    resolution: {integrity: sha512-UASk9zi+crv9WteK/NU4PLvOoL3OuE6BWVKNF6hPRBtYBDXQ2u5iu3O59zUlJiTVvkyuycnqrztsHVJwcK9K+Q==}
    peerDependencies:
      '@types/react': '*'
      react: ^16.8 || ^17.0 || ^18.0 || ^19.0 || ^19.0.0-rc
    peerDependenciesMeta:
      '@types/react':
        optional: true

  '@radix-ui/react-direction@1.1.0':
    resolution: {integrity: sha512-BUuBvgThEiAXh2DWu93XsT+a3aWrGqolGlqqw5VU1kG7p/ZH2cuDlM1sRLNnY3QcBS69UIz2mcKhMxDsdewhjg==}
    peerDependencies:
      '@types/react': '*'
      react: ^16.8 || ^17.0 || ^18.0 || ^19.0 || ^19.0.0-rc
    peerDependenciesMeta:
      '@types/react':
        optional: true

  '@radix-ui/react-label@2.1.2':
    resolution: {integrity: sha512-zo1uGMTaNlHehDyFQcDZXRJhUPDuukcnHz0/jnrup0JA6qL+AFpAnty+7VKa9esuU5xTblAZzTGYJKSKaBxBhw==}
    peerDependencies:
      '@types/react': '*'
      '@types/react-dom': '*'
      react: ^16.8 || ^17.0 || ^18.0 || ^19.0 || ^19.0.0-rc
      react-dom: ^16.8 || ^17.0 || ^18.0 || ^19.0 || ^19.0.0-rc
    peerDependenciesMeta:
      '@types/react':
        optional: true
      '@types/react-dom':
        optional: true

  '@radix-ui/react-presence@1.1.2':
    resolution: {integrity: sha512-18TFr80t5EVgL9x1SwF/YGtfG+l0BS0PRAlCWBDoBEiDQjeKgnNZRVJp/oVBl24sr3Gbfwc/Qpj4OcWTQMsAEg==}
    peerDependencies:
      '@types/react': '*'
      '@types/react-dom': '*'
      react: ^16.8 || ^17.0 || ^18.0 || ^19.0 || ^19.0.0-rc
      react-dom: ^16.8 || ^17.0 || ^18.0 || ^19.0 || ^19.0.0-rc
    peerDependenciesMeta:
      '@types/react':
        optional: true
      '@types/react-dom':
        optional: true

  '@radix-ui/react-primitive@2.0.2':
    resolution: {integrity: sha512-Ec/0d38EIuvDF+GZjcMU/Ze6MxntVJYO/fRlCPhCaVUyPY9WTalHJw54tp9sXeJo3tlShWpy41vQRgLRGOuz+w==}
    peerDependencies:
      '@types/react': '*'
      '@types/react-dom': '*'
      react: ^16.8 || ^17.0 || ^18.0 || ^19.0 || ^19.0.0-rc
      react-dom: ^16.8 || ^17.0 || ^18.0 || ^19.0 || ^19.0.0-rc
    peerDependenciesMeta:
      '@types/react':
        optional: true
      '@types/react-dom':
        optional: true

  '@radix-ui/react-scroll-area@1.2.3':
    resolution: {integrity: sha512-l7+NNBfBYYJa9tNqVcP2AGvxdE3lmE6kFTBXdvHgUaZuy+4wGCL1Cl2AfaR7RKyimj7lZURGLwFO59k4eBnDJQ==}
    peerDependencies:
      '@types/react': '*'
      '@types/react-dom': '*'
      react: ^16.8 || ^17.0 || ^18.0 || ^19.0 || ^19.0.0-rc
      react-dom: ^16.8 || ^17.0 || ^18.0 || ^19.0 || ^19.0.0-rc
    peerDependenciesMeta:
      '@types/react':
        optional: true
      '@types/react-dom':
        optional: true

  '@radix-ui/react-slot@1.1.2':
    resolution: {integrity: sha512-YAKxaiGsSQJ38VzKH86/BPRC4rh+b1Jpa+JneA5LRE7skmLPNAyeG8kPJj/oo4STLvlrs8vkf/iYyc3A5stYCQ==}
    peerDependencies:
      '@types/react': '*'
      react: ^16.8 || ^17.0 || ^18.0 || ^19.0 || ^19.0.0-rc
    peerDependenciesMeta:
      '@types/react':
        optional: true

  '@radix-ui/react-use-callback-ref@1.1.0':
    resolution: {integrity: sha512-CasTfvsy+frcFkbXtSJ2Zu9JHpN8TYKxkgJGWbjiZhFivxaeW7rMeZt7QELGVLaYVfFMsKHjb7Ak0nMEe+2Vfw==}
    peerDependencies:
      '@types/react': '*'
      react: ^16.8 || ^17.0 || ^18.0 || ^19.0 || ^19.0.0-rc
    peerDependenciesMeta:
      '@types/react':
        optional: true

  '@radix-ui/react-use-layout-effect@1.1.0':
    resolution: {integrity: sha512-+FPE0rOdziWSrH9athwI1R0HDVbWlEhd+FR+aSDk4uWGmSJ9Z54sdZVDQPZAinJhJXwfT+qnj969mCsT2gfm5w==}
    peerDependencies:
      '@types/react': '*'
      react: ^16.8 || ^17.0 || ^18.0 || ^19.0 || ^19.0.0-rc
    peerDependenciesMeta:
      '@types/react':
        optional: true

  '@rsbuild/core@1.2.4':
    resolution: {integrity: sha512-GPn4TLW9nv7OgmbSBs9Col3dNr55CEDoeoGLl1B0pszyj9yI3s4ArVWVo/R5oXrRa9sDmA/T54rsb2r3trnttw==}
    engines: {node: '>=16.7.0'}
    hasBin: true

  '@rsbuild/plugin-react@1.1.0':
    resolution: {integrity: sha512-uqdRoV2V91G1XIA14dAmxqYTlTDVf0ktpE7TgwG29oQ2j+DerF1kh29WPHK9HvGE34JTfaBrsme2Zmb6bGD0cw==}
    peerDependencies:
      '@rsbuild/core': 1.x

  '@rspack/binding-darwin-arm64@1.2.2':
    resolution: {integrity: sha512-h23F8zEkXWhwMeScm0ZnN78Zh7hCDalxIWsm7bBS0eKadnlegUDwwCF8WE+8NjWr7bRzv0p3QBWlS5ufkcL4eA==}
    cpu: [arm64]
    os: [darwin]

  '@rspack/binding-darwin-x64@1.2.2':
    resolution: {integrity: sha512-vG5s7FkEvwrGLfksyDRHwKAHUkhZt1zHZZXJQn4gZKjTBonje8ezdc7IFlDiWpC4S+oBYp73nDWkUzkGRbSdcQ==}
    cpu: [x64]
    os: [darwin]

  '@rspack/binding-linux-arm64-gnu@1.2.2':
    resolution: {integrity: sha512-VykY/kiYOzO8E1nYzfJ9+gQEHxb5B6lt5wa8M6xFi5B6jEGU+OsaGskmAZB9/GFImeFDHxDPvhUalI4R9p8O2Q==}
    cpu: [arm64]
    os: [linux]

  '@rspack/binding-linux-arm64-musl@1.2.2':
    resolution: {integrity: sha512-Z5vAC4wGfXi8XXZ6hs8Q06TYjr3zHf819HB4DI5i4C1eQTeKdZSyoFD0NHFG23bP4NWJffp8KhmoObcy9jBT5Q==}
    cpu: [arm64]
    os: [linux]

  '@rspack/binding-linux-x64-gnu@1.2.2':
    resolution: {integrity: sha512-o3pDaL+cH5EeRbDE9gZcdZpBgp5iXvYZBBhe8vZQllYgI4zN5MJEuleV7WplG3UwTXlgZg3Kht4RORSOPn96vg==}
    cpu: [x64]
    os: [linux]

  '@rspack/binding-linux-x64-musl@1.2.2':
    resolution: {integrity: sha512-RE3e0xe4DdchHssttKzryDwjLkbrNk/4H59TkkWeGYJcLw41tmcOZVFQUOwKLUvXWVyif/vjvV/w1SMlqB4wQg==}
    cpu: [x64]
    os: [linux]

  '@rspack/binding-win32-arm64-msvc@1.2.2':
    resolution: {integrity: sha512-R+PKBYn6uzTaDdVqTHvjqiJPBr5ZHg1wg5UmFDLNH9OklzVFyQh1JInSdJRb7lzfzTRz6bEkkwUFBPQK/CGScw==}
    cpu: [arm64]
    os: [win32]

  '@rspack/binding-win32-ia32-msvc@1.2.2':
    resolution: {integrity: sha512-dBqz3sRAGZ2f31FgzKLDvIRfq2haRP3X3XVCT0PsiMcvt7QJng+26aYYMy2THatd/nM8IwExYeitHWeiMBoruw==}
    cpu: [ia32]
    os: [win32]

  '@rspack/binding-win32-x64-msvc@1.2.2':
    resolution: {integrity: sha512-eeAvaN831KG553cMSHkVldyk6YQn4ujgRHov6r1wtREq7CD3/ka9LMkJUepCN85K7XtwYT0N4KpFIQyf5GTGoA==}
    cpu: [x64]
    os: [win32]

  '@rspack/binding@1.2.2':
    resolution: {integrity: sha512-GCZwpGFYlLTdJ2soPLwjw9z4LSZ+GdpbHNfBt3Cm/f/bAF8n6mZc7dHUqN893RFh7MPU17HNEL3fMw7XR+6pHg==}

  '@rspack/core@1.2.2':
    resolution: {integrity: sha512-EeHAmY65Uj62hSbUKesbrcWGE7jfUI887RD03G++Gj8jS4WPHEu1TFODXNOXg6pa7zyIvs2BK0Bm16Kwz8AEaQ==}
    engines: {node: '>=16.0.0'}
    peerDependencies:
      '@rspack/tracing': ^1.x
      '@swc/helpers': '>=0.5.1'
    peerDependenciesMeta:
      '@rspack/tracing':
        optional: true
      '@swc/helpers':
        optional: true

  '@rspack/lite-tapable@1.0.1':
    resolution: {integrity: sha512-VynGOEsVw2s8TAlLf/uESfrgfrq2+rcXB1muPJYBWbsm1Oa6r5qVQhjA5ggM6z/coYPrsVMgovl3Ff7Q7OCp1w==}
    engines: {node: '>=16.0.0'}

  '@rspack/plugin-react-refresh@1.0.1':
    resolution: {integrity: sha512-KSBc3bsr3mrAPViv7w9MpE9KEWm6q87EyRXyHlRfJ9PpQ56NbX9KZ7AXo7jPeECb0q5sfpM2PSEf+syBiMgLSw==}
    peerDependencies:
      react-refresh: '>=0.10.0 <1.0.0'
    peerDependenciesMeta:
      react-refresh:
        optional: true

  '@stitches/react@1.2.8':
    resolution: {integrity: sha512-9g9dWI4gsSVe8bNLlb+lMkBYsnIKCZTmvqvDG+Avnn69XfmHZKiaMrx7cgTaddq7aTPPmXiTsbFcUy0xgI4+wA==}
    peerDependencies:
      react: '>= 16.3.0'

  '@swc/helpers@0.5.15':
    resolution: {integrity: sha512-JQ5TuMi45Owi4/BIMAJBoSQoOJu12oOk/gADqlcUL9JEdHB8vyjUSsxqeNXnmXHjYKMi2WcYtezGEEhqUI/E2g==}

  '@types/react-dom@19.0.3':
    resolution: {integrity: sha512-0Knk+HJiMP/qOZgMyNFamlIjw9OFCsyC2ZbigmEEyXXixgre6IQpm/4V+r3qH4GC1JPvRJKInw+on2rV6YZLeA==}
    peerDependencies:
      '@types/react': ^19.0.0

  '@types/react@19.0.8':
    resolution: {integrity: sha512-9P/o1IGdfmQxrujGbIMDyYaaCykhLKc0NGCtYcECNUr9UAaDe4gwvV9bR6tvd5Br1SG0j+PBpbKr2UYY8CwqSw==}

  caniuse-lite@1.0.30001699:
    resolution: {integrity: sha512-b+uH5BakXZ9Do9iK+CkDmctUSEqZl+SP056vc5usa0PL+ev5OHw003rZXcnjNDv3L8P5j6rwT6C0BPKSikW08w==}

  core-js@3.40.0:
    resolution: {integrity: sha512-7vsMc/Lty6AGnn7uFpYT56QesI5D2Y/UkgKounk87OP9Z2H9Z8kj6jzcSGAxFmUtDOS0ntK6lbQz+Nsa0Jj6mQ==}

  csstype@3.1.3:
    resolution: {integrity: sha512-M1uQkMl8rQK/szD0LNhtqxIPLpimGm8sOBwU7lLnCpSbTyY3yeU1Vc7l4KT5zT4s/yOxHH5O7tIuuLOCnLADRw==}

  error-stack-parser@2.1.4:
    resolution: {integrity: sha512-Sk5V6wVazPhq5MhpO+AUxJn5x7XSXGl1R93Vn7i+zS15KDVxQijejNCrz8340/2bgLBjR9GtEG8ZVKONDjcqGQ==}

  html-entities@2.5.2:
    resolution: {integrity: sha512-K//PSRMQk4FZ78Kyau+mZurHn3FH0Vwr+H36eE0rPbeYkRRi9YxceYPhuN60UwWorxyKHhqoAJl2OFKa4BVtaA==}

  isomorphic-rslog@0.0.6:
    resolution: {integrity: sha512-HM0q6XqQ93psDlqvuViNs/Ea3hAyGDkIdVAHlrEocjjAwGrs1fZ+EdQjS9eUPacnYB7Y8SoDdSY3H8p3ce205A==}
    engines: {node: '>=14.17.6'}

  react-cool-onclickoutside@1.7.0:
    resolution: {integrity: sha512-HVZK2155Unee+enpoHKyYP2UdQK69thw90XAOUCjvJBcgRSgfRPgWWt/W1dYzoGp3+nleAa8SJxF1d4FMA4Qmw==}
    peerDependencies:
      react: '>= 16.8.0'

  react-dom@19.0.0:
    resolution: {integrity: sha512-4GV5sHFG0e/0AD4X+ySy6UJd3jVl1iNsNHdpad0qhABJ11twS3TTBnseqsKurKcsNqCEFeGL3uLpVChpIO3QfQ==}
    peerDependencies:
      react: ^19.0.0

  react-refresh@0.16.0:
    resolution: {integrity: sha512-FPvF2XxTSikpJxcr+bHut2H4gJ17+18Uy20D5/F+SKzFap62R3cM5wH6b8WN3LyGSYeQilLEcJcR1fjBSI2S1A==}
    engines: {node: '>=0.10.0'}

  react@19.0.0:
    resolution: {integrity: sha512-V8AVnmPIICiWpGfm6GLzCR/W5FXLchHop40W4nXBmdlEceh16rCN8O8LNWm5bh5XUX91fh7KpA+W0TgMKmgTpQ==}
    engines: {node: '>=0.10.0'}

  scheduler@0.25.0:
    resolution: {integrity: sha512-xFVuu11jh+xcO7JOAGJNOXld8/TcEHK/4CituBUeUb5hqxJLj9YuemAEuvm9gQ/+pgXYfbQuqAkiYu+u7YEsNA==}

  stackframe@1.3.4:
    resolution: {integrity: sha512-oeVtt7eWQS+Na6F//S4kJ2K2VbRlS9D43mAlMyVpVWovy9o+jfgH8O9agzANzaiLjclA0oYzUXEM4PurhSUChw==}

  tslib@2.8.1:
    resolution: {integrity: sha512-oJFu94HQb+KVduSUQL7wnpmqnfmLsOA/nAh6b6EH0wCEoK0/mPeXU6c3wKDV83MkOuHPRHtSXKKU99IBazS/2w==}

  typescript@5.7.3:
    resolution: {integrity: sha512-84MVSjMEHP+FQRPy3pX9sTVV/INIex71s9TL2Gm5FG/WG1SqXeKyZ0k7/blY/4FdOzI12CBy1vGc4og/eus0fw==}
    engines: {node: '>=14.17'}
    hasBin: true

  use-places-autocomplete@4.0.1:
    resolution: {integrity: sha512-AybOR/qzXcdaMCGSFveycfL3kztwseAOdagbYoJD8c3amll+gEiPmUkSNhYNUEBqbR+JmJG6/oBTRgihNbE+1A==}
    peerDependencies:
      react: '>= 16.8.0'

  uuid@11.0.5:
    resolution: {integrity: sha512-508e6IcKLrhxKdBbcA2b4KQZlLVp2+J5UwQ6F7Drckkc5N9ZJwFa4TgWtsww9UG8fGHbm6gbV19TdM5pQ4GaIA==}
    hasBin: true

snapshots:

  '@biomejs/biome@1.9.4':
    optionalDependencies:
      '@biomejs/cli-darwin-arm64': 1.9.4
      '@biomejs/cli-darwin-x64': 1.9.4
      '@biomejs/cli-linux-arm64': 1.9.4
      '@biomejs/cli-linux-arm64-musl': 1.9.4
      '@biomejs/cli-linux-x64': 1.9.4
      '@biomejs/cli-linux-x64-musl': 1.9.4
      '@biomejs/cli-win32-arm64': 1.9.4
      '@biomejs/cli-win32-x64': 1.9.4

  '@biomejs/cli-darwin-arm64@1.9.4':
    optional: true

  '@biomejs/cli-darwin-x64@1.9.4':
    optional: true

  '@biomejs/cli-linux-arm64-musl@1.9.4':
    optional: true

  '@biomejs/cli-linux-arm64@1.9.4':
    optional: true

  '@biomejs/cli-linux-x64-musl@1.9.4':
    optional: true

  '@biomejs/cli-linux-x64@1.9.4':
    optional: true

  '@biomejs/cli-win32-arm64@1.9.4':
    optional: true

  '@biomejs/cli-win32-x64@1.9.4':
    optional: true

  '@module-federation/error-codes@0.8.4': {}

  '@module-federation/runtime-tools@0.8.4':
    dependencies:
      '@module-federation/runtime': 0.8.4
      '@module-federation/webpack-bundler-runtime': 0.8.4

  '@module-federation/runtime@0.8.4':
    dependencies:
      '@module-federation/error-codes': 0.8.4
      '@module-federation/sdk': 0.8.4

  '@module-federation/sdk@0.8.4':
    dependencies:
      isomorphic-rslog: 0.0.6

  '@module-federation/webpack-bundler-runtime@0.8.4':
    dependencies:
      '@module-federation/runtime': 0.8.4
      '@module-federation/sdk': 0.8.4

  '@radix-ui/number@1.1.0': {}

  '@radix-ui/primitive@1.1.1': {}

  '@radix-ui/react-compose-refs@1.1.1(@types/react@19.0.8)(react@19.0.0)':
    dependencies:
      react: 19.0.0
    optionalDependencies:
      '@types/react': 19.0.8

  '@radix-ui/react-context@1.1.1(@types/react@19.0.8)(react@19.0.0)':
    dependencies:
      react: 19.0.0
    optionalDependencies:
      '@types/react': 19.0.8

  '@radix-ui/react-direction@1.1.0(@types/react@19.0.8)(react@19.0.0)':
    dependencies:
      react: 19.0.0
    optionalDependencies:
      '@types/react': 19.0.8

  '@radix-ui/react-label@2.1.2(@types/react-dom@19.0.3(@types/react@19.0.8))(@types/react@19.0.8)(react-dom@19.0.0(react@19.0.0))(react@19.0.0)':
    dependencies:
      '@radix-ui/react-primitive': 2.0.2(@types/react-dom@19.0.3(@types/react@19.0.8))(@types/react@19.0.8)(react-dom@19.0.0(react@19.0.0))(react@19.0.0)
      react: 19.0.0
      react-dom: 19.0.0(react@19.0.0)
    optionalDependencies:
      '@types/react': 19.0.8
      '@types/react-dom': 19.0.3(@types/react@19.0.8)

  '@radix-ui/react-presence@1.1.2(@types/react-dom@19.0.3(@types/react@19.0.8))(@types/react@19.0.8)(react-dom@19.0.0(react@19.0.0))(react@19.0.0)':
    dependencies:
      '@radix-ui/react-compose-refs': 1.1.1(@types/react@19.0.8)(react@19.0.0)
      '@radix-ui/react-use-layout-effect': 1.1.0(@types/react@19.0.8)(react@19.0.0)
      react: 19.0.0
      react-dom: 19.0.0(react@19.0.0)
    optionalDependencies:
      '@types/react': 19.0.8
      '@types/react-dom': 19.0.3(@types/react@19.0.8)

  '@radix-ui/react-primitive@2.0.2(@types/react-dom@19.0.3(@types/react@19.0.8))(@types/react@19.0.8)(react-dom@19.0.0(react@19.0.0))(react@19.0.0)':
    dependencies:
      '@radix-ui/react-slot': 1.1.2(@types/react@19.0.8)(react@19.0.0)
      react: 19.0.0
      react-dom: 19.0.0(react@19.0.0)
    optionalDependencies:
      '@types/react': 19.0.8
      '@types/react-dom': 19.0.3(@types/react@19.0.8)

  '@radix-ui/react-scroll-area@1.2.3(@types/react-dom@19.0.3(@types/react@19.0.8))(@types/react@19.0.8)(react-dom@19.0.0(react@19.0.0))(react@19.0.0)':
    dependencies:
      '@radix-ui/number': 1.1.0
      '@radix-ui/primitive': 1.1.1
      '@radix-ui/react-compose-refs': 1.1.1(@types/react@19.0.8)(react@19.0.0)
      '@radix-ui/react-context': 1.1.1(@types/react@19.0.8)(react@19.0.0)
      '@radix-ui/react-direction': 1.1.0(@types/react@19.0.8)(react@19.0.0)
      '@radix-ui/react-presence': 1.1.2(@types/react-dom@19.0.3(@types/react@19.0.8))(@types/react@19.0.8)(react-dom@19.0.0(react@19.0.0))(react@19.0.0)
      '@radix-ui/react-primitive': 2.0.2(@types/react-dom@19.0.3(@types/react@19.0.8))(@types/react@19.0.8)(react-dom@19.0.0(react@19.0.0))(react@19.0.0)
      '@radix-ui/react-use-callback-ref': 1.1.0(@types/react@19.0.8)(react@19.0.0)
      '@radix-ui/react-use-layout-effect': 1.1.0(@types/react@19.0.8)(react@19.0.0)
      react: 19.0.0
      react-dom: 19.0.0(react@19.0.0)
    optionalDependencies:
      '@types/react': 19.0.8
      '@types/react-dom': 19.0.3(@types/react@19.0.8)

  '@radix-ui/react-slot@1.1.2(@types/react@19.0.8)(react@19.0.0)':
    dependencies:
      '@radix-ui/react-compose-refs': 1.1.1(@types/react@19.0.8)(react@19.0.0)
      react: 19.0.0
    optionalDependencies:
      '@types/react': 19.0.8

  '@radix-ui/react-use-callback-ref@1.1.0(@types/react@19.0.8)(react@19.0.0)':
    dependencies:
      react: 19.0.0
    optionalDependencies:
      '@types/react': 19.0.8

  '@radix-ui/react-use-layout-effect@1.1.0(@types/react@19.0.8)(react@19.0.0)':
    dependencies:
      react: 19.0.0
    optionalDependencies:
      '@types/react': 19.0.8

  '@rsbuild/core@1.2.4':
    dependencies:
      '@rspack/core': 1.2.2(@swc/helpers@0.5.15)
      '@rspack/lite-tapable': 1.0.1
      '@swc/helpers': 0.5.15
      core-js: 3.40.0
    transitivePeerDependencies:
      - '@rspack/tracing'

  '@rsbuild/plugin-react@1.1.0(@rsbuild/core@1.2.4)':
    dependencies:
      '@rsbuild/core': 1.2.4
      '@rspack/plugin-react-refresh': 1.0.1(react-refresh@0.16.0)
      react-refresh: 0.16.0

  '@rspack/binding-darwin-arm64@1.2.2':
    optional: true

  '@rspack/binding-darwin-x64@1.2.2':
    optional: true

  '@rspack/binding-linux-arm64-gnu@1.2.2':
    optional: true

  '@rspack/binding-linux-arm64-musl@1.2.2':
    optional: true

  '@rspack/binding-linux-x64-gnu@1.2.2':
    optional: true

  '@rspack/binding-linux-x64-musl@1.2.2':
    optional: true

  '@rspack/binding-win32-arm64-msvc@1.2.2':
    optional: true

  '@rspack/binding-win32-ia32-msvc@1.2.2':
    optional: true

  '@rspack/binding-win32-x64-msvc@1.2.2':
    optional: true

  '@rspack/binding@1.2.2':
    optionalDependencies:
      '@rspack/binding-darwin-arm64': 1.2.2
      '@rspack/binding-darwin-x64': 1.2.2
      '@rspack/binding-linux-arm64-gnu': 1.2.2
      '@rspack/binding-linux-arm64-musl': 1.2.2
      '@rspack/binding-linux-x64-gnu': 1.2.2
      '@rspack/binding-linux-x64-musl': 1.2.2
      '@rspack/binding-win32-arm64-msvc': 1.2.2
      '@rspack/binding-win32-ia32-msvc': 1.2.2
      '@rspack/binding-win32-x64-msvc': 1.2.2

  '@rspack/core@1.2.2(@swc/helpers@0.5.15)':
    dependencies:
      '@module-federation/runtime-tools': 0.8.4
      '@rspack/binding': 1.2.2
      '@rspack/lite-tapable': 1.0.1
      caniuse-lite: 1.0.30001699
    optionalDependencies:
      '@swc/helpers': 0.5.15

  '@rspack/lite-tapable@1.0.1': {}

  '@rspack/plugin-react-refresh@1.0.1(react-refresh@0.16.0)':
    dependencies:
      error-stack-parser: 2.1.4
      html-entities: 2.5.2
    optionalDependencies:
      react-refresh: 0.16.0

  '@stitches/react@1.2.8(react@19.0.0)':
    dependencies:
      react: 19.0.0

  '@swc/helpers@0.5.15':
    dependencies:
      tslib: 2.8.1

  '@types/react-dom@19.0.3(@types/react@19.0.8)':
    dependencies:
      '@types/react': 19.0.8

  '@types/react@19.0.8':
    dependencies:
      csstype: 3.1.3

  caniuse-lite@1.0.30001699: {}

  core-js@3.40.0: {}

  csstype@3.1.3: {}

  error-stack-parser@2.1.4:
    dependencies:
      stackframe: 1.3.4

  html-entities@2.5.2: {}

  isomorphic-rslog@0.0.6: {}

  react-cool-onclickoutside@1.7.0(react@19.0.0):
    dependencies:
      react: 19.0.0

  react-dom@19.0.0(react@19.0.0):
    dependencies:
      react: 19.0.0
      scheduler: 0.25.0

  react-refresh@0.16.0: {}

  react@19.0.0: {}

  scheduler@0.25.0: {}

  stackframe@1.3.4: {}

  tslib@2.8.1: {}

  typescript@5.7.3: {}

  use-places-autocomplete@4.0.1(react@19.0.0):
    dependencies:
      react: 19.0.0

  uuid@11.0.5: {}
